
Microsoft Visual Studio Solution File, Format Version 12.00
# Visual Studio Version 17
VisualStudioVersion = 17.0.31512.422
MinimumVisualStudioVersion = 10.0.40219.1
Project("{9A19103F-16F7-4668-BE54-9A1E7A4F7556}") = "CoffeShopDemoApi", "CoffeShopDemoApi\CoffeShopDemoApi.csproj", "{69EF6164-828E-4767-9D84-B3A7D81D7EE5}"
EndProject
Project("{9A19103F-16F7-4668-BE54-9A1E7A4F7556}") = "CoffeShopDemoRepository", "CoffeShopDemoRepository\CoffeShopDemoRepository.csproj", "{57997FC3-F445-46CD-8880-CB10846F85D4}"
EndProject
Project("{9A19103F-16F7-4668-BE54-9A1E7A4F7556}") = "CoffeShopDemoApiTest", "CoffeShopDemoApiTest\CoffeShopDemoApiTest.csproj", "{1CCB18F6-80A3-41AB-8E82-27A8E9A2484E}"
EndProject
Project("{FAE04EC0-301F-11D3-BF4B-00C04F79EFBC}") = "CoffeShopDemoMongoDBStartUp", "CoffeShopDemoMongoDBStartUp\CoffeShopDemoMongoDBStartUp.csproj", "{642FE3F4-B0C5-486C-B5B3-7EFA385E572A}"
EndProject
Global
	GlobalSection(SolutionConfigurationPlatforms) = preSolution
		Debug|Any CPU = Debug|Any CPU
		Release|Any CPU = Release|Any CPU
	EndGlobalSection
	GlobalSection(ProjectConfigurationPlatforms) = postSolution
		{69EF6164-828E-4767-9D84-B3A7D81D7EE5}.Debug|Any CPU.ActiveCfg = Debug|Any CPU
		{69EF6164-828E-4767-9D84-B3A7D81D7EE5}.Debug|Any CPU.Build.0 = Debug|Any CPU
		{69EF6164-828E-4767-9D84-B3A7D81D7EE5}.Release|Any CPU.ActiveCfg = Release|Any CPU
		{69EF6164-828E-4767-9D84-B3A7D81D7EE5}.Release|Any CPU.Build.0 = Release|Any CPU
		{57997FC3-F445-46CD-8880-CB10846F85D4}.Debug|Any CPU.ActiveCfg = Debug|Any CPU
		{57997FC3-F445-46CD-8880-CB10846F85D4}.Debug|Any CPU.Build.0 = Debug|Any CPU
		{57997FC3-F445-46CD-8880-CB10846F85D4}.Release|Any CPU.ActiveCfg = Release|Any CPU
		{57997FC3-F445-46CD-8880-CB10846F85D4}.Release|Any CPU.Build.0 = Release|Any CPU
		{1CCB18F6-80A3-41AB-8E82-27A8E9A2484E}.Debug|Any CPU.ActiveCfg = Debug|Any CPU
		{1CCB18F6-80A3-41AB-8E82-27A8E9A2484E}.Debug|Any CPU.Build.0 = Debug|Any CPU
		{1CCB18F6-80A3-41AB-8E82-27A8E9A2484E}.Release|Any CPU.ActiveCfg = Release|Any CPU
		{1CCB18F6-80A3-41AB-8E82-27A8E9A2484E}.Release|Any CPU.Build.0 = Release|Any CPU
		{642FE3F4-B0C5-486C-B5B3-7EFA385E572A}.Debug|Any CPU.ActiveCfg = Debug|Any CPU
		{642FE3F4-B0C5-486C-B5B3-7EFA385E572A}.Debug|Any CPU.Build.0 = Debug|Any CPU
		{642FE3F4-B0C5-486C-B5B3-7EFA385E572A}.Release|Any CPU.ActiveCfg = Release|Any CPU
		{642FE3F4-B0C5-486C-B5B3-7EFA385E572A}.Release|Any CPU.Build.0 = Release|Any CPU
	EndGlobalSection
	GlobalSection(SolutionProperties) = preSolution
		HideSolutionNode = FALSE
	EndGlobalSection
	GlobalSection(ExtensibilityGlobals) = postSolution
		SolutionGuid = {7B4B6A04-88A4-418E-9ABC-8B11A1246F99}
	EndGlobalSection
EndGlobal
